
Microsoft Visual Studio Solution File, Format Version 12.00
# Visual Studio Version 17
VisualStudioVersion = 17.6.33815.320
MinimumVisualStudioVersion = 10.0.40219.1
Project("{FAE04EC0-301F-11D3-BF4B-00C04F79EFBC}") = "StockAPI", "StockAPI\StockAPI.csproj", "{45E6A6BE-5987-45C3-920D-451508034C55}"
EndProject
Project("{FAE04EC0-301F-11D3-BF4B-00C04F79EFBC}") = "StockAPI.Core", "StockAPI.Core\StockAPI.Core.csproj", "{0EB81FA5-DF9F-429A-9C39-A62AD173E2BC}"
EndProject
Project("{FAE04EC0-301F-11D3-BF4B-00C04F79EFBC}") = "StockAPI.Infra", "StockAPI.Infra\StockAPI.Infra.csproj", "{37AAD784-E59C-4A13-9CBC-1EC2957E28C3}"
EndProject
Project("{FAE04EC0-301F-11D3-BF4B-00C04F79EFBC}") = "StockAPI.Tests", "StockAPI.Tests\StockAPI.Tests.csproj", "{A4DF168B-DDF0-4AC9-98E3-BBA83FA8FF92}"
EndProject
Global
	GlobalSection(SolutionConfigurationPlatforms) = preSolution
		Debug|Any CPU = Debug|Any CPU
		Release|Any CPU = Release|Any CPU
	EndGlobalSection
	GlobalSection(ProjectConfigurationPlatforms) = postSolution
		{45E6A6BE-5987-45C3-920D-451508034C55}.Debug|Any CPU.ActiveCfg = Debug|Any CPU
		{45E6A6BE-5987-45C3-920D-451508034C55}.Debug|Any CPU.Build.0 = Debug|Any CPU
		{45E6A6BE-5987-45C3-920D-451508034C55}.Release|Any CPU.ActiveCfg = Release|Any CPU
		{45E6A6BE-5987-45C3-920D-451508034C55}.Release|Any CPU.Build.0 = Release|Any CPU
		{0EB81FA5-DF9F-429A-9C39-A62AD173E2BC}.Debug|Any CPU.ActiveCfg = Debug|Any CPU
		{0EB81FA5-DF9F-429A-9C39-A62AD173E2BC}.Debug|Any CPU.Build.0 = Debug|Any CPU
		{0EB81FA5-DF9F-429A-9C39-A62AD173E2BC}.Release|Any CPU.ActiveCfg = Release|Any CPU
		{0EB81FA5-DF9F-429A-9C39-A62AD173E2BC}.Release|Any CPU.Build.0 = Release|Any CPU
		{37AAD784-E59C-4A13-9CBC-1EC2957E28C3}.Debug|Any CPU.ActiveCfg = Debug|Any CPU
		{37AAD784-E59C-4A13-9CBC-1EC2957E28C3}.Debug|Any CPU.Build.0 = Debug|Any CPU
		{37AAD784-E59C-4A13-9CBC-1EC2957E28C3}.Release|Any CPU.ActiveCfg = Release|Any CPU
		{37AAD784-E59C-4A13-9CBC-1EC2957E28C3}.Release|Any CPU.Build.0 = Release|Any CPU
		{A4DF168B-DDF0-4AC9-98E3-BBA83FA8FF92}.Debug|Any CPU.ActiveCfg = Debug|Any CPU
		{A4DF168B-DDF0-4AC9-98E3-BBA83FA8FF92}.Debug|Any CPU.Build.0 = Debug|Any CPU
		{A4DF168B-DDF0-4AC9-98E3-BBA83FA8FF92}.Release|Any CPU.ActiveCfg = Release|Any CPU
		{A4DF168B-DDF0-4AC9-98E3-BBA83FA8FF92}.Release|Any CPU.Build.0 = Release|Any CPU
	EndGlobalSection
	GlobalSection(SolutionProperties) = preSolution
		HideSolutionNode = FALSE
	EndGlobalSection
	GlobalSection(ExtensibilityGlobals) = postSolution
		SolutionGuid = {6E22F3AF-56DF-47E5-BC59-2C2FDE16876D}
	EndGlobalSection
EndGlobal
